
Microsoft Visual Studio Solution File, Format Version 12.00
# Visual Studio Version 17
VisualStudioVersion = 17.3.32901.215
MinimumVisualStudioVersion = 10.0.40219.1
Project("{FAE04EC0-301F-11D3-BF4B-00C04F79EFBC}") = "BijzondereRelaties", "BijzondereRelaties\BijzondereRelaties.csproj", "{B5708F59-3FD7-47F9-B7ED-E1327DB22289}"
EndProject
Global
	GlobalSection(SolutionConfigurationPlatforms) = preSolution
		Debug|Any CPU = Debug|Any CPU
		Release|Any CPU = Release|Any CPU
	EndGlobalSection
	GlobalSection(ProjectConfigurationPlatforms) = postSolution
		{B5708F59-3FD7-47F9-B7ED-E1327DB22289}.Debug|Any CPU.ActiveCfg = Debug|Any CPU
		{B5708F59-3FD7-47F9-B7ED-E1327DB22289}.Debug|Any CPU.Build.0 = Debug|Any CPU
		{B5708F59-3FD7-47F9-B7ED-E1327DB22289}.Release|Any CPU.ActiveCfg = Release|Any CPU
		{B5708F59-3FD7-47F9-B7ED-E1327DB22289}.Release|Any CPU.Build.0 = Release|Any CPU
	EndGlobalSection
	GlobalSection(SolutionProperties) = preSolution
		HideSolutionNode = FALSE
	EndGlobalSection
	GlobalSection(ExtensibilityGlobals) = postSolution
		SolutionGuid = {7E8AFB61-1191-420F-BEA9-C1BE3BFCF5F6}
	EndGlobalSection
EndGlobal
